// !$*UTF8*$!
{
	archiveVersion = 1;
	classes = {
	};
	objectVersion = 46;
	objects = {

/* Begin PBXBuildFile section */
		3643E9781D4EF17700471258 /* main.m in Sources */ = {isa = PBXBuildFile; fileRef = 3643E9771D4EF17700471258 /* main.m */; };
		3643E97B1D4EF17700471258 /* AppDelegate.m in Sources */ = {isa = PBXBuildFile; fileRef = 3643E97A1D4EF17700471258 /* AppDelegate.m */; };
		3643E97E1D4EF17700471258 /* ViewController.m in Sources */ = {isa = PBXBuildFile; fileRef = 3643E97D1D4EF17700471258 /* ViewController.m */; };
		3643E9811D4EF17700471258 /* Main.storyboard in Resources */ = {isa = PBXBuildFile; fileRef = 3643E97F1D4EF17700471258 /* Main.storyboard */; };
		3643E9831D4EF17700471258 /* Assets.xcassets in Resources */ = {isa = PBXBuildFile; fileRef = 3643E9821D4EF17700471258 /* Assets.xcassets */; };
		3643E9861D4EF17700471258 /* LaunchScreen.storyboard in Resources */ = {isa = PBXBuildFile; fileRef = 3643E9841D4EF17700471258 /* LaunchScreen.storyboard */; };
		3643E9911D4EF17700471258 /* XMDBModelTests.m in Sources */ = {isa = PBXBuildFile; fileRef = 3643E9901D4EF17700471258 /* XMDBModelTests.m */; };
		3643E99C1D4EF17700471258 /* XMDBModelUITests.m in Sources */ = {isa = PBXBuildFile; fileRef = 3643E99B1D4EF17700471258 /* XMDBModelUITests.m */; };
		3643E9AF1D4EF20100471258 /* XMDBHelper.m in Sources */ = {isa = PBXBuildFile; fileRef = 3643E9AC1D4EF20100471258 /* XMDBHelper.m */; };
		3643E9B01D4EF20100471258 /* XMDBModel.m in Sources */ = {isa = PBXBuildFile; fileRef = 3643E9AE1D4EF20100471258 /* XMDBModel.m */; };
		3643E9B61D4EFF4600471258 /* XMModel.m in Sources */ = {isa = PBXBuildFile; fileRef = 3643E9B51D4EFF4600471258 /* XMModel.m */; };
		8CF4EEFAC95D032CAB4F8929 /* libPods.a in Frameworks */ = {isa = PBXBuildFile; fileRef = BFDE9CF45D1DF2188DB3D51E /* libPods.a */; };
/* End PBXBuildFile section */

/* Begin PBXContainerItemProxy section */
		3643E98D1D4EF17700471258 /* PBXContainerItemProxy */ = {
			isa = PBXContainerItemProxy;
			containerPortal = 3643E96B1D4EF17700471258 /* Project object */;
			proxyType = 1;
			remoteGlobalIDString = 3643E9721D4EF17700471258;
			remoteInfo = XMDBModel;
		};
		3643E9981D4EF17700471258 /* PBXContainerItemProxy */ = {
			isa = PBXContainerItemProxy;
			containerPortal = 3643E96B1D4EF17700471258 /* Project object */;
			proxyType = 1;
			remoteGlobalIDString = 3643E9721D4EF17700471258;
			remoteInfo = XMDBModel;
		};
/* End PBXContainerItemProxy section */

/* Begin PBXFileReference section */
		3643E9731D4EF17700471258 /* XMDBModel.app */ = {isa = PBXFileReference; explicitFileType = wrapper.application; includeInIndex = 0; path = XMDBModel.app; sourceTree = BUILT_PRODUCTS_DIR; };
		3643E9771D4EF17700471258 /* main.m */ = {isa = PBXFileReference; lastKnownFileType = sourcecode.c.objc; path = main.m; sourceTree = "<group>"; };
		3643E9791D4EF17700471258 /* AppDelegate.h */ = {isa = PBXFileReference; lastKnownFileType = sourcecode.c.h; path = AppDelegate.h; sourceTree = "<group>"; };
		3643E97A1D4EF17700471258 /* AppDelegate.m */ = {isa = PBXFileReference; lastKnownFileType = sourcecode.c.objc; path = AppDelegate.m; sourceTree = "<group>"; };
		3643E97C1D4EF17700471258 /* ViewController.h */ = {isa = PBXFileReference; lastKnownFileType = sourcecode.c.h; path = ViewController.h; sourceTree = "<group>"; };
		3643E97D1D4EF17700471258 /* ViewController.m */ = {isa = PBXFileReference; lastKnownFileType = sourcecode.c.objc; path = ViewController.m; sourceTree = "<group>"; };
		3643E9801D4EF17700471258 /* Base */ = {isa = PBXFileReference; lastKnownFileType = file.storyboard; name = Base; path = Base.lproj/Main.storyboard; sourceTree = "<group>"; };
		3643E9821D4EF17700471258 /* Assets.xcassets */ = {isa = PBXFileReference; lastKnownFileType = folder.assetcatalog; path = Assets.xcassets; sourceTree = "<group>"; };
		3643E9851D4EF17700471258 /* Base */ = {isa = PBXFileReference; lastKnownFileType = file.storyboard; name = Base; path = Base.lproj/LaunchScreen.storyboard; sourceTree = "<group>"; };
		3643E9871D4EF17700471258 /* Info.plist */ = {isa = PBXFileReference; lastKnownFileType = text.plist.xml; path = Info.plist; sourceTree = "<group>"; };
		3643E98C1D4EF17700471258 /* XMDBModelTests.xctest */ = {isa = PBXFileReference; explicitFileType = wrapper.cfbundle; includeInIndex = 0; path = XMDBModelTests.xctest; sourceTree = BUILT_PRODUCTS_DIR; };
		3643E9901D4EF17700471258 /* XMDBModelTests.m */ = {isa = PBXFileReference; lastKnownFileType = sourcecode.c.objc; path = XMDBModelTests.m; sourceTree = "<group>"; };
		3643E9921D4EF17700471258 /* Info.plist */ = {isa = PBXFileReference; lastKnownFileType = text.plist.xml; path = Info.plist; sourceTree = "<group>"; };
		3643E9971D4EF17700471258 /* XMDBModelUITests.xctest */ = {isa = PBXFileReference; explicitFileType = wrapper.cfbundle; includeInIndex = 0; path = XMDBModelUITests.xctest; sourceTree = BUILT_PRODUCTS_DIR; };
		3643E99B1D4EF17700471258 /* XMDBModelUITests.m */ = {isa = PBXFileReference; lastKnownFileType = sourcecode.c.objc; path = XMDBModelUITests.m; sourceTree = "<group>"; };
		3643E99D1D4EF17700471258 /* Info.plist */ = {isa = PBXFileReference; lastKnownFileType = text.plist.xml; path = Info.plist; sourceTree = "<group>"; };
		3643E9A91D4EF1A100471258 /* PrefixHeader.pch */ = {isa = PBXFileReference; lastKnownFileType = sourcecode.c.h; path = PrefixHeader.pch; sourceTree = "<group>"; };
		3643E9AB1D4EF20100471258 /* XMDBHelper.h */ = {isa = PBXFileReference; fileEncoding = 4; lastKnownFileType = sourcecode.c.h; path = XMDBHelper.h; sourceTree = "<group>"; };
		3643E9AC1D4EF20100471258 /* XMDBHelper.m */ = {isa = PBXFileReference; fileEncoding = 4; lastKnownFileType = sourcecode.c.objc; path = XMDBHelper.m; sourceTree = "<group>"; };
		3643E9AD1D4EF20100471258 /* XMDBModel.h */ = {isa = PBXFileReference; fileEncoding = 4; lastKnownFileType = sourcecode.c.h; path = XMDBModel.h; sourceTree = "<group>"; };
		3643E9AE1D4EF20100471258 /* XMDBModel.m */ = {isa = PBXFileReference; fileEncoding = 4; lastKnownFileType = sourcecode.c.objc; path = XMDBModel.m; sourceTree = "<group>"; };
		3643E9B41D4EFF4600471258 /* XMModel.h */ = {isa = PBXFileReference; fileEncoding = 4; lastKnownFileType = sourcecode.c.h; path = XMModel.h; sourceTree = "<group>"; };
		3643E9B51D4EFF4600471258 /* XMModel.m */ = {isa = PBXFileReference; fileEncoding = 4; lastKnownFileType = sourcecode.c.objc; path = XMModel.m; sourceTree = "<group>"; };
		9D7437C095E4ECC7D2004650 /* Pods.release.xcconfig */ = {isa = PBXFileReference; includeInIndex = 1; lastKnownFileType = text.xcconfig; name = Pods.release.xcconfig; path = "Pods/Target Support Files/Pods/Pods.release.xcconfig"; sourceTree = "<group>"; };
		BFDE9CF45D1DF2188DB3D51E /* libPods.a */ = {isa = PBXFileReference; explicitFileType = archive.ar; includeInIndex = 0; path = libPods.a; sourceTree = BUILT_PRODUCTS_DIR; };
		E2391DF8DFA42B3060407D4A /* Pods.debug.xcconfig */ = {isa = PBXFileReference; includeInIndex = 1; lastKnownFileType = text.xcconfig; name = Pods.debug.xcconfig; path = "Pods/Target Support Files/Pods/Pods.debug.xcconfig"; sourceTree = "<group>"; };
/* End PBXFileReference section */

/* Begin PBXFrameworksBuildPhase section */
		3643E9701D4EF17700471258 /* Frameworks */ = {
			isa = PBXFrameworksBuildPhase;
			buildActionMask = 2147483647;
			files = (
				8CF4EEFAC95D032CAB4F8929 /* libPods.a in Frameworks */,
			);
			runOnlyForDeploymentPostprocessing = 0;
		};
		3643E9891D4EF17700471258 /* Frameworks */ = {
			isa = PBXFrameworksBuildPhase;
			buildActionMask = 2147483647;
			files = (
			);
			runOnlyForDeploymentPostprocessing = 0;
		};
		3643E9941D4EF17700471258 /* Frameworks */ = {
			isa = PBXFrameworksBuildPhase;
			buildActionMask = 2147483647;
			files = (
			);
			runOnlyForDeploymentPostprocessing = 0;
		};
/* End PBXFrameworksBuildPhase section */

/* Begin PBXGroup section */
		3643E96A1D4EF17700471258 = {
			isa = PBXGroup;
			children = (
				3643E9751D4EF17700471258 /* XMDBModel */,
				3643E98F1D4EF17700471258 /* XMDBModelTests */,
				3643E99A1D4EF17700471258 /* XMDBModelUITests */,
				3643E9741D4EF17700471258 /* Products */,
				B7D2084D4AA1D7449F6E7631 /* Pods */,
				C1A5FF373718D5BA158AE0AE /* Frameworks */,
			);
			sourceTree = "<group>";
		};
		3643E9741D4EF17700471258 /* Products */ = {
			isa = PBXGroup;
			children = (
				3643E9731D4EF17700471258 /* XMDBModel.app */,
				3643E98C1D4EF17700471258 /* XMDBModelTests.xctest */,
				3643E9971D4EF17700471258 /* XMDBModelUITests.xctest */,
			);
			name = Products;
			sourceTree = "<group>";
		};
		3643E9751D4EF17700471258 /* XMDBModel */ = {
			isa = PBXGroup;
			children = (
				3643E9AA1D4EF20100471258 /* DBModel */,
				3643E9791D4EF17700471258 /* AppDelegate.h */,
				3643E97A1D4EF17700471258 /* AppDelegate.m */,
				3643E9A91D4EF1A100471258 /* PrefixHeader.pch */,
				3643E97C1D4EF17700471258 /* ViewController.h */,
				3643E97D1D4EF17700471258 /* ViewController.m */,
				3643E9B41D4EFF4600471258 /* XMModel.h */,
				3643E9B51D4EFF4600471258 /* XMModel.m */,
				3643E97F1D4EF17700471258 /* Main.storyboard */,
				3643E9821D4EF17700471258 /* Assets.xcassets */,
				3643E9841D4EF17700471258 /* LaunchScreen.storyboard */,
				3643E9871D4EF17700471258 /* Info.plist */,
				3643E9761D4EF17700471258 /* Supporting Files */,
			);
			path = XMDBModel;
			sourceTree = "<group>";
		};
		3643E9761D4EF17700471258 /* Supporting Files */ = {
			isa = PBXGroup;
			children = (
				3643E9771D4EF17700471258 /* main.m */,
			);
			name = "Supporting Files";
			sourceTree = "<group>";
		};
		3643E98F1D4EF17700471258 /* XMDBModelTests */ = {
			isa = PBXGroup;
			children = (
				3643E9901D4EF17700471258 /* XMDBModelTests.m */,
				3643E9921D4EF17700471258 /* Info.plist */,
			);
			path = XMDBModelTests;
			sourceTree = "<group>";
		};
		3643E99A1D4EF17700471258 /* XMDBModelUITests */ = {
			isa = PBXGroup;
			children = (
				3643E99B1D4EF17700471258 /* XMDBModelUITests.m */,
				3643E99D1D4EF17700471258 /* Info.plist */,
			);
			path = XMDBModelUITests;
			sourceTree = "<group>";
		};
		3643E9AA1D4EF20100471258 /* DBModel */ = {
			isa = PBXGroup;
			children = (
				3643E9AB1D4EF20100471258 /* XMDBHelper.h */,
				3643E9AC1D4EF20100471258 /* XMDBHelper.m */,
				3643E9AD1D4EF20100471258 /* XMDBModel.h */,
				3643E9AE1D4EF20100471258 /* XMDBModel.m */,
			);
			path = DBModel;
			sourceTree = "<group>";
		};
		B7D2084D4AA1D7449F6E7631 /* Pods */ = {
			isa = PBXGroup;
			children = (
				E2391DF8DFA42B3060407D4A /* Pods.debug.xcconfig */,
				9D7437C095E4ECC7D2004650 /* Pods.release.xcconfig */,
			);
			name = Pods;
			sourceTree = "<group>";
		};
		C1A5FF373718D5BA158AE0AE /* Frameworks */ = {
			isa = PBXGroup;
			children = (
				BFDE9CF45D1DF2188DB3D51E /* libPods.a */,
			);
			name = Frameworks;
			sourceTree = "<group>";
		};
/* End PBXGroup section */

/* Begin PBXNativeTarget section */
		3643E9721D4EF17700471258 /* XMDBModel */ = {
			isa = PBXNativeTarget;
			buildConfigurationList = 3643E9A01D4EF17700471258 /* Build configuration list for PBXNativeTarget "XMDBModel" */;
			buildPhases = (
				5AC0EF004A7C9A14233039A9 /* Check Pods Manifest.lock */,
				3643E96F1D4EF17700471258 /* Sources */,
				3643E9701D4EF17700471258 /* Frameworks */,
				3643E9711D4EF17700471258 /* Resources */,
				C8FE9D8EDDBC083851279B2B /* Embed Pods Frameworks */,
				3B4E5F705A25D3FC3EC5DA9B /* Copy Pods Resources */,
			);
			buildRules = (
			);
			dependencies = (
			);
			name = XMDBModel;
			productName = XMDBModel;
			productReference = 3643E9731D4EF17700471258 /* XMDBModel.app */;
			productType = "com.apple.product-type.application";
		};
		3643E98B1D4EF17700471258 /* XMDBModelTests */ = {
			isa = PBXNativeTarget;
			buildConfigurationList = 3643E9A31D4EF17700471258 /* Build configuration list for PBXNativeTarget "XMDBModelTests" */;
			buildPhases = (
				3643E9881D4EF17700471258 /* Sources */,
				3643E9891D4EF17700471258 /* Frameworks */,
				3643E98A1D4EF17700471258 /* Resources */,
			);
			buildRules = (
			);
			dependencies = (
				3643E98E1D4EF17700471258 /* PBXTargetDependency */,
			);
			name = XMDBModelTests;
			productName = XMDBModelTests;
			productReference = 3643E98C1D4EF17700471258 /* XMDBModelTests.xctest */;
			productType = "com.apple.product-type.bundle.unit-test";
		};
		3643E9961D4EF17700471258 /* XMDBModelUITests */ = {
			isa = PBXNativeTarget;
			buildConfigurationList = 3643E9A61D4EF17700471258 /* Build configuration list for PBXNativeTarget "XMDBModelUITests" */;
			buildPhases = (
				3643E9931D4EF17700471258 /* Sources */,
				3643E9941D4EF17700471258 /* Frameworks */,
				3643E9951D4EF17700471258 /* Resources */,
			);
			buildRules = (
			);
			dependencies = (
				3643E9991D4EF17700471258 /* PBXTargetDependency */,
			);
			name = XMDBModelUITests;
			productName = XMDBModelUITests;
			productReference = 3643E9971D4EF17700471258 /* XMDBModelUITests.xctest */;
			productType = "com.apple.product-type.bundle.ui-testing";
		};
/* End PBXNativeTarget section */

/* Begin PBXProject section */
		3643E96B1D4EF17700471258 /* Project object */ = {
			isa = PBXProject;
			attributes = {
				LastUpgradeCheck = 0730;
				ORGANIZATIONNAME = "王续敏";
				TargetAttributes = {
					3643E9721D4EF17700471258 = {
						CreatedOnToolsVersion = 7.3.1;
					};
					3643E98B1D4EF17700471258 = {
						CreatedOnToolsVersion = 7.3.1;
						TestTargetID = 3643E9721D4EF17700471258;
					};
					3643E9961D4EF17700471258 = {
						CreatedOnToolsVersion = 7.3.1;
						TestTargetID = 3643E9721D4EF17700471258;
					};
				};
			};
			buildConfigurationList = 3643E96E1D4EF17700471258 /* Build configuration list for PBXProject "XMDBModel" */;
			compatibilityVersion = "Xcode 3.2";
			developmentRegion = English;
			hasScannedForEncodings = 0;
			knownRegions = (
				en,
				Base,
			);
			mainGroup = 3643E96A1D4EF17700471258;
			productRefGroup = 3643E9741D4EF17700471258 /* Products */;
			projectDirPath = "";
			projectRoot = "";
			targets = (
				3643E9721D4EF17700471258 /* XMDBModel */,
				3643E98B1D4EF17700471258 /* XMDBModelTests */,
				3643E9961D4EF17700471258 /* XMDBModelUITests */,
			);
		};
/* End PBXProject section */

/* Begin PBXResourcesBuildPhase section */
		3643E9711D4EF17700471258 /* Resources */ = {
			isa = PBXResourcesBuildPhase;
			buildActionMask = 2147483647;
			files = (
				3643E9861D4EF17700471258 /* LaunchScreen.storyboard in Resources */,
				3643E9831D4EF17700471258 /* Assets.xcassets in Resources */,
				3643E9811D4EF17700471258 /* Main.storyboard in Resources */,
			);
			runOnlyForDeploymentPostprocessing = 0;
		};
		3643E98A1D4EF17700471258 /* Resources */ = {
			isa = PBXResourcesBuildPhase;
			buildActionMask = 2147483647;
			files = (
			);
			runOnlyForDeploymentPostprocessing = 0;
		};
		3643E9951D4EF17700471258 /* Resources */ = {
			isa = PBXResourcesBuildPhase;
			buildActionMask = 2147483647;
			files = (
			);
			runOnlyForDeploymentPostprocessing = 0;
		};
/* End PBXResourcesBuildPhase section */

/* Begin PBXShellScriptBuildPhase section */
		3B4E5F705A25D3FC3EC5DA9B /* Copy Pods Resources */ = {
			isa = PBXShellScriptBuildPhase;
			buildActionMask = 2147483647;
			files = (
			);
			inputPaths = (
			);
			name = "Copy Pods Resources";
			outputPaths = (
			);
			runOnlyForDeploymentPostprocessing = 0;
			shellPath = /bin/sh;
			shellScript = "\"${SRCROOT}/Pods/Target Support Files/Pods/Pods-resources.sh\"\n";
			showEnvVarsInLog = 0;
		};
		5AC0EF004A7C9A14233039A9 /* Check Pods Manifest.lock */ = {
			isa = PBXShellScriptBuildPhase;
			buildActionMask = 2147483647;
			files = (
			);
			inputPaths = (
			);
			name = "Check Pods Manifest.lock";
			outputPaths = (
			);
			runOnlyForDeploymentPostprocessing = 0;
			shellPath = /bin/sh;
			shellScript = "diff \"${PODS_ROOT}/../Podfile.lock\" \"${PODS_ROOT}/Manifest.lock\" > /dev/null\nif [[ $? != 0 ]] ; then\n    cat << EOM\nerror: The sandbox is not in sync with the Podfile.lock. Run 'pod install' or update your CocoaPods installation.\nEOM\n    exit 1\nfi\n";
			showEnvVarsInLog = 0;
		};
		C8FE9D8EDDBC083851279B2B /* Embed Pods Frameworks */ = {
			isa = PBXShellScriptBuildPhase;
			buildActionMask = 2147483647;
			files = (
			);
			inputPaths = (
			);
			name = "Embed Pods Frameworks";
			outputPaths = (
			);
			runOnlyForDeploymentPostprocessing = 0;
			shellPath = /bin/sh;
			shellScript = "\"${SRCROOT}/Pods/Target Support Files/Pods/Pods-frameworks.sh\"\n";
			showEnvVarsInLog = 0;
		};
/* End PBXShellScriptBuildPhase section */

/* Begin PBXSourcesBuildPhase section */
		3643E96F1D4EF17700471258 /* Sources */ = {
			isa = PBXSourcesBuildPhase;
			buildActionMask = 2147483647;
			files = (
				3643E97E1D4EF17700471258 /* ViewController.m in Sources */,
				3643E97B1D4EF17700471258 /* AppDelegate.m in Sources */,
				3643E9B01D4EF20100471258 /* XMDBModel.m in Sources */,
				3643E9AF1D4EF20100471258 /* XMDBHelper.m in Sources */,
				3643E9B61D4EFF4600471258 /* XMModel.m in Sources */,
				3643E9781D4EF17700471258 /* main.m in Sources */,
			);
			runOnlyForDeploymentPostprocessing = 0;
		};
		3643E9881D4EF17700471258 /* Sources */ = {
			isa = PBXSourcesBuildPhase;
			buildActionMask = 2147483647;
			files = (
				3643E9911D4EF17700471258 /* XMDBModelTests.m in Sources */,
			);
			runOnlyForDeploymentPostprocessing = 0;
		};
		3643E9931D4EF17700471258 /* Sources */ = {
			isa = PBXSourcesBuildPhase;
			buildActionMask = 2147483647;
			files = (
				3643E99C1D4EF17700471258 /* XMDBModelUITests.m in Sources */,
			);
			runOnlyForDeploymentPostprocessing = 0;
		};
/* End PBXSourcesBuildPhase section */

/* Begin PBXTargetDependency section */
		3643E98E1D4EF17700471258 /* PBXTargetDependency */ = {
			isa = PBXTargetDependency;
			target = 3643E9721D4EF17700471258 /* XMDBModel */;
			targetProxy = 3643E98D1D4EF17700471258 /* PBXContainerItemProxy */;
		};
		3643E9991D4EF17700471258 /* PBXTargetDependency */ = {
			isa = PBXTargetDependency;
			target = 3643E9721D4EF17700471258 /* XMDBModel */;
			targetProxy = 3643E9981D4EF17700471258 /* PBXContainerItemProxy */;
		};
/* End PBXTargetDependency section */

/* Begin PBXVariantGroup section */
		3643E97F1D4EF17700471258 /* Main.storyboard */ = {
			isa = PBXVariantGroup;
			children = (
				3643E9801D4EF17700471258 /* Base */,
			);
			name = Main.storyboard;
			sourceTree = "<group>";
		};
		3643E9841D4EF17700471258 /* LaunchScreen.storyboard */ = {
			isa = PBXVariantGroup;
			children = (
				3643E9851D4EF17700471258 /* Base */,
			);
			name = LaunchScreen.storyboard;
			sourceTree = "<group>";
		};
/* End PBXVariantGroup section */

/* Begin XCBuildConfiguration section */
		3643E99E1D4EF17700471258 /* Debug */ = {
			isa = XCBuildConfiguration;
			buildSettings = {
				ALWAYS_SEARCH_USER_PATHS = NO;
				CLANG_ANALYZER_NONNULL = YES;
				CLANG_CXX_LANGUAGE_STANDARD = "gnu++0x";
				CLANG_CXX_LIBRARY = "libc++";
				CLANG_ENABLE_MODULES = YES;
				CLANG_ENABLE_OBJC_ARC = YES;
				CLANG_WARN_BOOL_CONVERSION = YES;
				CLANG_WARN_CONSTANT_CONVERSION = YES;
				CLANG_WARN_DIRECT_OBJC_ISA_USAGE = YES_ERROR;
				CLANG_WARN_EMPTY_BODY = YES;
				CLANG_WARN_ENUM_CONVERSION = YES;
				CLANG_WARN_INT_CONVERSION = YES;
				CLANG_WARN_OBJC_ROOT_CLASS = YES_ERROR;
				CLANG_WARN_UNREACHABLE_CODE = YES;
				CLANG_WARN__DUPLICATE_METHOD_MATCH = YES;
				"CODE_SIGN_IDENTITY[sdk=iphoneos*]" = "iPhone Developer";
				COPY_PHASE_STRIP = NO;
				DEBUG_INFORMATION_FORMAT = dwarf;
				ENABLE_STRICT_OBJC_MSGSEND = YES;
				ENABLE_TESTABILITY = YES;
				GCC_C_LANGUAGE_STANDARD = gnu99;
				GCC_DYNAMIC_NO_PIC = NO;
				GCC_NO_COMMON_BLOCKS = YES;
				GCC_OPTIMIZATION_LEVEL = 0;
				GCC_PREPROCESSOR_DEFINITIONS = (
					"DEBUG=1",
					"$(inherited)",
				);
				GCC_WARN_64_TO_32_BIT_CONVERSION = YES;
				GCC_WARN_ABOUT_RETURN_TYPE = YES_ERROR;
				GCC_WARN_UNDECLARED_SELECTOR = YES;
				GCC_WARN_UNINITIALIZED_AUTOS = YES_AGGRESSIVE;
				GCC_WARN_UNUSED_FUNCTION = YES;
				GCC_WARN_UNUSED_VARIABLE = YES;
				IPHONEOS_DEPLOYMENT_TARGET = 9.3;
				MTL_ENABLE_DEBUG_INFO = YES;
				ONLY_ACTIVE_ARCH = YES;
				SDKROOT = iphoneos;
				TARGETED_DEVICE_FAMILY = "1,2";
			};
			name = Debug;
		};
		3643E99F1D4EF17700471258 /* Release */ = {
			isa = XCBuildConfiguration;
			buildSettings = {
				ALWAYS_SEARCH_USER_PATHS = NO;
				CLANG_ANALYZER_NONNULL = YES;
				CLANG_CXX_LANGUAGE_STANDARD = "gnu++0x";
				CLANG_CXX_LIBRARY = "libc++";
				CLANG_ENABLE_MODULES = YES;
				CLANG_ENABLE_OBJC_ARC = YES;
				CLANG_WARN_BOOL_CONVERSION = YES;
				CLANG_WARN_CONSTANT_CONVERSION = YES;
				CLANG_WARN_DIRECT_OBJC_ISA_USAGE = YES_ERROR;
				CLANG_WARN_EMPTY_BODY = YES;
				CLANG_WARN_ENUM_CONVERSION = YES;
				CLANG_WARN_INT_CONVERSION = YES;
				CLANG_WARN_OBJC_ROOT_CLASS = YES_ERROR;
				CLANG_WARN_UNREACHABLE_CODE = YES;
				CLANG_WARN__DUPLICATE_METHOD_MATCH = YES;
				"CODE_SIGN_IDENTITY[sdk=iphoneos*]" = "iPhone Developer";
				COPY_PHASE_STRIP = NO;
				DEBUG_INFORMATION_FORMAT = "dwarf-with-dsym";
				ENABLE_NS_ASSERTIONS = NO;
				ENABLE_STRICT_OBJC_MSGSEND = YES;
				GCC_C_LANGUAGE_STANDARD = gnu99;
				GCC_NO_COMMON_BLOCKS = YES;
				GCC_WARN_64_TO_32_BIT_CONVERSION = YES;
				GCC_WARN_ABOUT_RETURN_TYPE = YES_ERROR;
				GCC_WARN_UNDECLARED_SELECTOR = YES;
				GCC_WARN_UNINITIALIZED_AUTOS = YES_AGGRESSIVE;
				GCC_WARN_UNUSED_FUNCTION = YES;
				GCC_WARN_UNUSED_VARIABLE = YES;
				IPHONEOS_DEPLOYMENT_TARGET = 9.3;
				MTL_ENABLE_DEBUG_INFO = NO;
				SDKROOT = iphoneos;
				TARGETED_DEVICE_FAMILY = "1,2";
				VALIDATE_PRODUCT = YES;
			};
			name = Release;
		};
		3643E9A11D4EF17700471258 /* Debug */ = {
			isa = XCBuildConfiguration;
			baseConfigurationReference = E2391DF8DFA42B3060407D4A /* Pods.debug.xcconfig */;
			buildSettings = {
				ASSETCATALOG_COMPILER_APPICON_NAME = AppIcon;
				GCC_PREFIX_HEADER = "$(SRCROOT)/XMDBModel/PrefixHeader.pch";
				INFOPLIST_FILE = XMDBModel/Info.plist;
				LD_RUNPATH_SEARCH_PATHS = "$(inherited) @executable_path/Frameworks";
				PRODUCT_BUNDLE_IDENTIFIER = wangxumin.XMDBModel;
				PRODUCT_NAME = "$(TARGET_NAME)";
			};
			name = Debug;
		};
		3643E9A21D4EF17700471258 /* Release */ = {
			isa = XCBuildConfiguration;
			baseConfigurationReference = 9D7437C095E4ECC7D2004650 /* Pods.release.xcconfig */;
			buildSettings = {
				ASSETCATALOG_COMPILER_APPICON_NAME = AppIcon;
				GCC_PREFIX_HEADER = "$(SRCROOT)/XMDBModel/PrefixHeader.pch";
				INFOPLIST_FILE = XMDBModel/Info.plist;
				LD_RUNPATH_SEARCH_PATHS = "$(inherited) @executable_path/Frameworks";
				PRODUCT_BUNDLE_IDENTIFIER = wangxumin.XMDBModel;
				PRODUCT_NAME = "$(TARGET_NAME)";
			};
			name = Release;
		};
		3643E9A41D4EF17700471258 /* Debug */ = {
			isa = XCBuildConfiguration;
			buildSettings = {
				BUNDLE_LOADER = "$(TEST_HOST)";
				INFOPLIST_FILE = XMDBModelTests/Info.plist;
				LD_RUNPATH_SEARCH_PATHS = "$(inherited) @executable_path/Frameworks @loader_path/Frameworks";
				PRODUCT_BUNDLE_IDENTIFIER = wangxumin.XMDBModelTests;
				PRODUCT_NAME = "$(TARGET_NAME)";
				TEST_HOST = "$(BUILT_PRODUCTS_DIR)/XMDBModel.app/XMDBModel";
			};
			name = Debug;
		};
		3643E9A51D4EF17700471258 /* Release */ = {
			isa = XCBuildConfiguration;
			buildSettings = {
				BUNDLE_LOADER = "$(TEST_HOST)";
				INFOPLIST_FILE = XMDBModelTests/Info.plist;
				LD_RUNPATH_SEARCH_PATHS = "$(inherited) @executable_path/Frameworks @loader_path/Frameworks";
				PRODUCT_BUNDLE_IDENTIFIER = wangxumin.XMDBModelTests;
				PRODUCT_NAME = "$(TARGET_NAME)";
				TEST_HOST = "$(BUILT_PRODUCTS_DIR)/XMDBModel.app/XMDBModel";
			};
			name = Release;
		};
		3643E9A71D4EF17700471258 /* Debug */ = {
			isa = XCBuildConfiguration;
			buildSettings = {
				INFOPLIST_FILE = XMDBModelUITests/Info.plist;
				LD_RUNPATH_SEARCH_PATHS = "$(inherited) @executable_path/Frameworks @loader_path/Frameworks";
				PRODUCT_BUNDLE_IDENTIFIER = wangxumin.XMDBModelUITests;
				PRODUCT_NAME = "$(TARGET_NAME)";
				TEST_TARGET_NAME = XMDBModel;
			};
			name = Debug;
		};
		3643E9A81D4EF17700471258 /* Release */ = {
			isa = XCBuildConfiguration;
			buildSettings = {
				INFOPLIST_FILE = XMDBModelUITests/Info.plist;
				LD_RUNPATH_SEARCH_PATHS = "$(inherited) @executable_path/Frameworks @loader_path/Frameworks";
				PRODUCT_BUNDLE_IDENTIFIER = wangxumin.XMDBModelUITests;
				PRODUCT_NAME = "$(TARGET_NAME)";
				TEST_TARGET_NAME = XMDBModel;
			};
			name = Release;
		};
/* End XCBuildConfiguration section */

/* Begin XCConfigurationList section */
		3643E96E1D4EF17700471258 /* Build configuration list for PBXProject "XMDBModel" */ = {
			isa = XCConfigurationList;
			buildConfigurations = (
				3643E99E1D4EF17700471258 /* Debug */,
				3643E99F1D4EF17700471258 /* Release */,
			);
			defaultConfigurationIsVisible = 0;
			defaultConfigurationName = Release;
		};
		3643E9A01D4EF17700471258 /* Build configuration list for PBXNativeTarget "XMDBModel" */ = {
			isa = XCConfigurationList;
			buildConfigurations = (
				3643E9A11D4EF17700471258 /* Debug */,
				3643E9A21D4EF17700471258 /* Release */,
			);
			defaultConfigurationIsVisible = 0;
			defaultConfigurationName = Release;
		};
		3643E9A31D4EF17700471258 /* Build configuration list for PBXNativeTarget "XMDBModelTests" */ = {
			isa = XCConfigurationList;
			buildConfigurations = (
				3643E9A41D4EF17700471258 /* Debug */,
				3643E9A51D4EF17700471258 /* Release */,
			);
			defaultConfigurationIsVisible = 0;
			defaultConfigurationName = Release;
		};
		3643E9A61D4EF17700471258 /* Build configuration list for PBXNativeTarget "XMDBModelUITests" */ = {
			isa = XCConfigurationList;
			buildConfigurations = (
				3643E9A71D4EF17700471258 /* Debug */,
				3643E9A81D4EF17700471258 /* Release */,
			);
			defaultConfigurationIsVisible = 0;
			defaultConfigurationName = Release;
		};
/* End XCConfigurationList section */
	};
	rootObject = 3643E96B1D4EF17700471258 /* Project object */;
}
